<?xml version="1.0" encoding="utf-8"?>
<Project ToolsVersion="4.0" xmlns="http://schemas.microsoft.com/developer/msbuild/2003">
  <ItemGroup>
    <Filter Include="Source Files">
      <UniqueIdentifier>{4FC737F1-C7A5-4376-A066-2A32D752A2FF}</UniqueIdentifier>
      <Extensions>cpp;c;cc;cxx;def;odl;idl;hpj;bat;asm;asmx</Extensions>
    </Filter>
    <Filter Include="Header Files">
      <UniqueIdentifier>{93995380-89BD-4b04-88EB-625FBE52EBFB}</UniqueIdentifier>
      <Extensions>h;hh;hpp;hxx;hm;inl;inc;xsd</Extensions>
    </Filter>
    <Filter Include="Resource Files">
      <UniqueIdentifier>{67DA6AB6-F800-4c08-8B7A-83BB121AAD01}</UniqueIdentifier>
      <Extensions>rc;ico;cur;bmp;dlg;rc2;rct;bin;rgs;gif;jpg;jpeg;jpe;resx;tiff;tif;png;wav</Extensions>
    </Filter>
  </ItemGroup>
  <ItemGroup>
    <ClCompile Include="src\engine.cpp">
      <Filter>Source Files</Filter>
    </ClCompile>
    <ClCompile Include="src\main_driver.cpp">
      <Filter>Source Files</Filter>
    </ClCompile>
    <ClCompile Include="src\main_driver_w.cpp">
      <Filter>Source Files</Filter>
    </ClCompile>
    <ClCompile Include="src\entity_handler\entity_handler.cpp">
      <Filter>Source Files</Filter>
    </ClCompile>
    <ClCompile Include="src\environment\background\background.cpp">
      <Filter>Source Files</Filter>
    </ClCompile>
    <ClCompile Include="src\environment\chunk\chunk.cpp">
      <Filter>Source Files</Filter>
    </ClCompile>
    <ClCompile Include="src\environment\map\map.cpp">
      <Filter>Source Files</Filter>
    </ClCompile>
    <ClCompile Include="src\environment\map\map_handler.cpp">
      <Filter>Source Files</Filter>
    </ClCompile>
    <ClCompile Include="src\image\image.cpp">
      <Filter>Source Files</Filter>
    </ClCompile>
    <ClCompile Include="src\image\image_handler.cpp">
      <Filter>Source Files</Filter>
    </ClCompile>
    <ClCompile Include="src\movers\movable.cpp">
      <Filter>Source Files</Filter>
    </ClCompile>
    <ClCompile Include="src\movers\drawable\debug_drawable.cpp">
      <Filter>Source Files</Filter>
    </ClCompile>
    <ClCompile Include="src\movers\drawable\drawable.cpp">
      <Filter>Source Files</Filter>
    </ClCompile>
    <ClCompile Include="src\movers\drawable\hittable\debug_follower.cpp">
      <Filter>Source Files</Filter>
    </ClCompile>
    <ClCompile Include="src\movers\drawable\hittable\debug_hittable.cpp">
      <Filter>Source Files</Filter>
    </ClCompile>
    <ClCompile Include="src\movers\drawable\hittable\hittable.cpp">
      <Filter>Source Files</Filter>
    </ClCompile>
    <ClCompile Include="src\movers\drawable\hittable\weapon.cpp">
      <Filter>Source Files</Filter>
    </ClCompile>
    <ClCompile Include="src\movers\drawable\hittable\heatable\debug_heatable.cpp">
      <Filter>Source Files</Filter>
    </ClCompile>
    <ClCompile Include="src\movers\drawable\hittable\heatable\heatable.cpp">
      <Filter>Source Files</Filter>
    </ClCompile>
    <ClCompile Include="src\rect2d\rect2d.cpp">
      <Filter>Source Files</Filter>
    </ClCompile>
    <ClCompile Include="src\rect2d\hitbox\hitbox.cpp">
      <Filter>Source Files</Filter>
    </ClCompile>
    <ClCompile Include="src\rect2d\hitbox\hitline.cpp">
      <Filter>Source Files</Filter>
    </ClCompile>
    <ClCompile Include="src\rect2d\hitbox\hybrid_box.cpp">
      <Filter>Source Files</Filter>
    </ClCompile>
    <ClCompile Include="src\renders\render.cpp">
      <Filter>Source Files</Filter>
    </ClCompile>
    <ClCompile Include="src\text\text.cpp">
      <Filter>Source Files</Filter>
    </ClCompile>
    <ClCompile Include="src\text\text_handler.cpp">
      <Filter>Source Files</Filter>
    </ClCompile>
    <ClCompile Include="src\timeframe\timeframe.cpp">
      <Filter>Source Files</Filter>
    </ClCompile>
    <ClCompile Include="src\utils\message.cpp">
      <Filter>Source Files</Filter>
    </ClCompile>
    <ClCompile Include="src\vec2d\main.cpp">
      <Filter>Source Files</Filter>
    </ClCompile>
    <ClCompile Include="src\vec2d\vec2d.cpp">
      <Filter>Source Files</Filter>
    </ClCompile>
    <ClCompile Include="src\viewport\viewport.cpp">
      <Filter>Source Files</Filter>
    </ClCompile>
    <ClCompile Include="src\xml_parser\xmlnode.cpp">
      <Filter>Source Files</Filter>
    </ClCompile>
    <ClCompile Include="src\xml_parser\xmlparse.cpp">
      <Filter>Source Files</Filter>
    </ClCompile>
    <ClCompile Include="zscraps\debug_movable.cpp">
      <Filter>Source Files</Filter>
    </ClCompile>
    <ClCompile Include="zscraps\helloworld.cpp">
      <Filter>Source Files</Filter>
    </ClCompile>
    <ClCompile Include="zscraps\movable.cpp">
      <Filter>Source Files</Filter>
    </ClCompile>
    <ClCompile Include="zscraps\print_color_const.cpp">
      <Filter>Source Files</Filter>
    </ClCompile>
    <ClCompile Include="zscraps\texture.cpp">
      <Filter>Source Files</Filter>
    </ClCompile>
    <ClCompile Include="zscraps\xml_parser\main.cpp">
      <Filter>Source Files</Filter>
    </ClCompile>
  </ItemGroup>
  <ItemGroup>
    <ClInclude Include="lib\sdl2\begin_code.h">
      <Filter>Header Files</Filter>
    </ClInclude>
    <ClInclude Include="lib\sdl2\close_code.h">
      <Filter>Header Files</Filter>
    </ClInclude>
    <ClInclude Include="lib\sdl2\SDL.h">
      <Filter>Header Files</Filter>
    </ClInclude>
    <ClInclude Include="lib\sdl2\SDL_assert.h">
      <Filter>Header Files</Filter>
    </ClInclude>
    <ClInclude Include="lib\sdl2\SDL_atomic.h">
      <Filter>Header Files</Filter>
    </ClInclude>
    <ClInclude Include="lib\sdl2\SDL_audio.h">
      <Filter>Header Files</Filter>
    </ClInclude>
    <ClInclude Include="lib\sdl2\SDL_bits.h">
      <Filter>Header Files</Filter>
    </ClInclude>
    <ClInclude Include="lib\sdl2\SDL_blendmode.h">
      <Filter>Header Files</Filter>
    </ClInclude>
    <ClInclude Include="lib\sdl2\SDL_clipboard.h">
      <Filter>Header Files</Filter>
    </ClInclude>
    <ClInclude Include="lib\sdl2\SDL_config.h">
      <Filter>Header Files</Filter>
    </ClInclude>
    <ClInclude Include="lib\sdl2\SDL_cpuinfo.h">
      <Filter>Header Files</Filter>
    </ClInclude>
    <ClInclude Include="lib\sdl2\SDL_egl.h">
      <Filter>Header Files</Filter>
    </ClInclude>
    <ClInclude Include="lib\sdl2\SDL_endian.h">
      <Filter>Header Files</Filter>
    </ClInclude>
    <ClInclude Include="lib\sdl2\SDL_error.h">
      <Filter>Header Files</Filter>
    </ClInclude>
    <ClInclude Include="lib\sdl2\SDL_events.h">
      <Filter>Header Files</Filter>
    </ClInclude>
    <ClInclude Include="lib\sdl2\SDL_filesystem.h">
      <Filter>Header Files</Filter>
    </ClInclude>
    <ClInclude Include="lib\sdl2\SDL_gamecontroller.h">
      <Filter>Header Files</Filter>
    </ClInclude>
    <ClInclude Include="lib\sdl2\SDL_gesture.h">
      <Filter>Header Files</Filter>
    </ClInclude>
    <ClInclude Include="lib\sdl2\SDL_haptic.h">
      <Filter>Header Files</Filter>
    </ClInclude>
    <ClInclude Include="lib\sdl2\SDL_hints.h">
      <Filter>Header Files</Filter>
    </ClInclude>
    <ClInclude Include="lib\sdl2\SDL_image.h">
      <Filter>Header Files</Filter>
    </ClInclude>
    <ClInclude Include="lib\sdl2\SDL_joystick.h">
      <Filter>Header Files</Filter>
    </ClInclude>
    <ClInclude Include="lib\sdl2\SDL_keyboard.h">
      <Filter>Header Files</Filter>
    </ClInclude>
    <ClInclude Include="lib\sdl2\SDL_keycode.h">
      <Filter>Header Files</Filter>
    </ClInclude>
    <ClInclude Include="lib\sdl2\SDL_loadso.h">
      <Filter>Header Files</Filter>
    </ClInclude>
    <ClInclude Include="lib\sdl2\SDL_log.h">
      <Filter>Header Files</Filter>
    </ClInclude>
    <ClInclude Include="lib\sdl2\SDL_main.h">
      <Filter>Header Files</Filter>
    </ClInclude>
    <ClInclude Include="lib\sdl2\SDL_messagebox.h">
      <Filter>Header Files</Filter>
    </ClInclude>
    <ClInclude Include="lib\sdl2\SDL_mixer.h">
      <Filter>Header Files</Filter>
    </ClInclude>
    <ClInclude Include="lib\sdl2\SDL_mouse.h">
      <Filter>Header Files</Filter>
    </ClInclude>
    <ClInclude Include="lib\sdl2\SDL_mutex.h">
      <Filter>Header Files</Filter>
    </ClInclude>
    <ClInclude Include="lib\sdl2\SDL_name.h">
      <Filter>Header Files</Filter>
    </ClInclude>
    <ClInclude Include="lib\sdl2\SDL_opengl.h">
      <Filter>Header Files</Filter>
    </ClInclude>
    <ClInclude Include="lib\sdl2\SDL_opengles.h">
      <Filter>Header Files</Filter>
    </ClInclude>
    <ClInclude Include="lib\sdl2\SDL_opengles2.h">
      <Filter>Header Files</Filter>
    </ClInclude>
    <ClInclude Include="lib\sdl2\SDL_opengles2_gl2.h">
      <Filter>Header Files</Filter>
    </ClInclude>
    <ClInclude Include="lib\sdl2\SDL_opengles2_gl2ext.h">
      <Filter>Header Files</Filter>
    </ClInclude>
    <ClInclude Include="lib\sdl2\SDL_opengles2_gl2platform.h">
      <Filter>Header Files</Filter>
    </ClInclude>
    <ClInclude Include="lib\sdl2\SDL_opengles2_khrplatform.h">
      <Filter>Header Files</Filter>
    </ClInclude>
    <ClInclude Include="lib\sdl2\SDL_opengl_glext.h">
      <Filter>Header Files</Filter>
    </ClInclude>
    <ClInclude Include="lib\sdl2\SDL_pixels.h">
      <Filter>Header Files</Filter>
    </ClInclude>
    <ClInclude Include="lib\sdl2\SDL_platform.h">
      <Filter>Header Files</Filter>
    </ClInclude>
    <ClInclude Include="lib\sdl2\SDL_power.h">
      <Filter>Header Files</Filter>
    </ClInclude>
    <ClInclude Include="lib\sdl2\SDL_quit.h">
      <Filter>Header Files</Filter>
    </ClInclude>
    <ClInclude Include="lib\sdl2\SDL_rect.h">
      <Filter>Header Files</Filter>
    </ClInclude>
    <ClInclude Include="lib\sdl2\SDL_render.h">
      <Filter>Header Files</Filter>
    </ClInclude>
    <ClInclude Include="lib\sdl2\SDL_revision.h">
      <Filter>Header Files</Filter>
    </ClInclude>
    <ClInclude Include="lib\sdl2\SDL_rwops.h">
      <Filter>Header Files</Filter>
    </ClInclude>
    <ClInclude Include="lib\sdl2\SDL_scancode.h">
      <Filter>Header Files</Filter>
    </ClInclude>
    <ClInclude Include="lib\sdl2\SDL_sensor.h">
      <Filter>Header Files</Filter>
    </ClInclude>
    <ClInclude Include="lib\sdl2\SDL_shape.h">
      <Filter>Header Files</Filter>
    </ClInclude>
    <ClInclude Include="lib\sdl2\SDL_stdinc.h">
      <Filter>Header Files</Filter>
    </ClInclude>
    <ClInclude Include="lib\sdl2\SDL_surface.h">
      <Filter>Header Files</Filter>
    </ClInclude>
    <ClInclude Include="lib\sdl2\SDL_system.h">
      <Filter>Header Files</Filter>
    </ClInclude>
    <ClInclude Include="lib\sdl2\SDL_syswm.h">
      <Filter>Header Files</Filter>
    </ClInclude>
    <ClInclude Include="lib\sdl2\SDL_test.h">
      <Filter>Header Files</Filter>
    </ClInclude>
    <ClInclude Include="lib\sdl2\SDL_test_assert.h">
      <Filter>Header Files</Filter>
    </ClInclude>
    <ClInclude Include="lib\sdl2\SDL_test_common.h">
      <Filter>Header Files</Filter>
    </ClInclude>
    <ClInclude Include="lib\sdl2\SDL_test_compare.h">
      <Filter>Header Files</Filter>
    </ClInclude>
    <ClInclude Include="lib\sdl2\SDL_test_crc32.h">
      <Filter>Header Files</Filter>
    </ClInclude>
    <ClInclude Include="lib\sdl2\SDL_test_font.h">
      <Filter>Header Files</Filter>
    </ClInclude>
    <ClInclude Include="lib\sdl2\SDL_test_fuzzer.h">
      <Filter>Header Files</Filter>
    </ClInclude>
    <ClInclude Include="lib\sdl2\SDL_test_harness.h">
      <Filter>Header Files</Filter>
    </ClInclude>
    <ClInclude Include="lib\sdl2\SDL_test_images.h">
      <Filter>Header Files</Filter>
    </ClInclude>
    <ClInclude Include="lib\sdl2\SDL_test_log.h">
      <Filter>Header Files</Filter>
    </ClInclude>
    <ClInclude Include="lib\sdl2\SDL_test_md5.h">
      <Filter>Header Files</Filter>
    </ClInclude>
    <ClInclude Include="lib\sdl2\SDL_test_memory.h">
      <Filter>Header Files</Filter>
    </ClInclude>
    <ClInclude Include="lib\sdl2\SDL_test_random.h">
      <Filter>Header Files</Filter>
    </ClInclude>
    <ClInclude Include="lib\sdl2\SDL_thread.h">
      <Filter>Header Files</Filter>
    </ClInclude>
    <ClInclude Include="lib\sdl2\SDL_timer.h">
      <Filter>Header Files</Filter>
    </ClInclude>
    <ClInclude Include="lib\sdl2\SDL_touch.h">
      <Filter>Header Files</Filter>
    </ClInclude>
    <ClInclude Include="lib\sdl2\SDL_ttf.h">
      <Filter>Header Files</Filter>
    </ClInclude>
    <ClInclude Include="lib\sdl2\SDL_types.h">
      <Filter>Header Files</Filter>
    </ClInclude>
    <ClInclude Include="lib\sdl2\SDL_version.h">
      <Filter>Header Files</Filter>
    </ClInclude>
    <ClInclude Include="lib\sdl2\SDL_video.h">
      <Filter>Header Files</Filter>
    </ClInclude>
    <ClInclude Include="lib\sdl2\SDL_vulkan.h">
      <Filter>Header Files</Filter>
    </ClInclude>
    <ClInclude Include="src\engine.h">
      <Filter>Header Files</Filter>
    </ClInclude>
    <ClInclude Include="src\main_driver.h">
      <Filter>Header Files</Filter>
    </ClInclude>
    <ClInclude Include="src\entity_handler\entity_handler.h">
      <Filter>Header Files</Filter>
    </ClInclude>
    <ClInclude Include="src\environment\background\background.h">
      <Filter>Header Files</Filter>
    </ClInclude>
    <ClInclude Include="src\environment\chunk\chunk.h">
      <Filter>Header Files</Filter>
    </ClInclude>
    <ClInclude Include="src\environment\map\map.h">
      <Filter>Header Files</Filter>
    </ClInclude>
    <ClInclude Include="src\environment\map\map_handler.h">
      <Filter>Header Files</Filter>
    </ClInclude>
    <ClInclude Include="src\image\image.h">
      <Filter>Header Files</Filter>
    </ClInclude>
    <ClInclude Include="src\image\image_handler.h">
      <Filter>Header Files</Filter>
    </ClInclude>
    <ClInclude Include="src\movers\movable.h">
      <Filter>Header Files</Filter>
    </ClInclude>
    <ClInclude Include="src\movers\drawable\debug_drawable.h">
      <Filter>Header Files</Filter>
    </ClInclude>
    <ClInclude Include="src\movers\drawable\drawable.h">
      <Filter>Header Files</Filter>
    </ClInclude>
    <ClInclude Include="src\movers\drawable\hittable\debug_follower.h">
      <Filter>Header Files</Filter>
    </ClInclude>
    <ClInclude Include="src\movers\drawable\hittable\debug_hittable.h">
      <Filter>Header Files</Filter>
    </ClInclude>
    <ClInclude Include="src\movers\drawable\hittable\hittable.h">
      <Filter>Header Files</Filter>
    </ClInclude>
    <ClInclude Include="src\movers\drawable\hittable\weapon.h">
      <Filter>Header Files</Filter>
    </ClInclude>
    <ClInclude Include="src\movers\drawable\hittable\heatable\debug_heatable.h">
      <Filter>Header Files</Filter>
    </ClInclude>
    <ClInclude Include="src\movers\drawable\hittable\heatable\heatable.h">
      <Filter>Header Files</Filter>
    </ClInclude>
    <ClInclude Include="src\rect2d\rect2d.h">
      <Filter>Header Files</Filter>
    </ClInclude>
    <ClInclude Include="src\rect2d\hitbox\hitbox.h">
      <Filter>Header Files</Filter>
    </ClInclude>
    <ClInclude Include="src\rect2d\hitbox\hitline.h">
      <Filter>Header Files</Filter>
    </ClInclude>
    <ClInclude Include="src\rect2d\hitbox\hybrid_box.h">
      <Filter>Header Files</Filter>
    </ClInclude>
    <ClInclude Include="src\renders\render.h">
      <Filter>Header Files</Filter>
    </ClInclude>
    <ClInclude Include="src\text\text.h">
      <Filter>Header Files</Filter>
    </ClInclude>
    <ClInclude Include="src\text\text_handler.h">
      <Filter>Header Files</Filter>
    </ClInclude>
    <ClInclude Include="src\timeframe\timeframe.h">
      <Filter>Header Files</Filter>
    </ClInclude>
    <ClInclude Include="src\utils\message.h">
      <Filter>Header Files</Filter>
    </ClInclude>
    <ClInclude Include="src\vec2d\vec2d.h">
      <Filter>Header Files</Filter>
    </ClInclude>
    <ClInclude Include="src\viewport\viewport.h">
      <Filter>Header Files</Filter>
    </ClInclude>
    <ClInclude Include="src\xml_parser\xmlnode.h">
      <Filter>Header Files</Filter>
    </ClInclude>
    <ClInclude Include="src\xml_parser\xmlparse.h">
      <Filter>Header Files</Filter>
    </ClInclude>
    <ClInclude Include="zscraps\debug_movable.h">
      <Filter>Header Files</Filter>
    </ClInclude>
    <ClInclude Include="zscraps\movable.h">
      <Filter>Header Files</Filter>
    </ClInclude>
    <ClInclude Include="zscraps\print_color_const.h">
      <Filter>Header Files</Filter>
    </ClInclude>
    <ClInclude Include="zscraps\texture.h">
      <Filter>Header Files</Filter>
    </ClInclude>
  </ItemGroup>
</Project>